
Microsoft Visual Studio Solution File, Format Version 12.00
# Visual Studio Version 16
VisualStudioVersion = 16.0.30907.101
MinimumVisualStudioVersion = 10.0.40219.1
Project("{FAE04EC0-301F-11D3-BF4B-00C04F79EFBC}") = "Practice2", "Practice2\Practice2.csproj", "{170CEF9A-AB6B-4546-88E1-B2A2D06523C3}"
EndProject
Global
	GlobalSection(SolutionConfigurationPlatforms) = preSolution
		Debug|Any CPU = Debug|Any CPU
		Release|Any CPU = Release|Any CPU
	EndGlobalSection
	GlobalSection(ProjectConfigurationPlatforms) = postSolution
		{170CEF9A-AB6B-4546-88E1-B2A2D06523C3}.Debug|Any CPU.ActiveCfg = Debug|Any CPU
		{170CEF9A-AB6B-4546-88E1-B2A2D06523C3}.Debug|Any CPU.Build.0 = Debug|Any CPU
		{170CEF9A-AB6B-4546-88E1-B2A2D06523C3}.Release|Any CPU.ActiveCfg = Release|Any CPU
		{170CEF9A-AB6B-4546-88E1-B2A2D06523C3}.Release|Any CPU.Build.0 = Release|Any CPU
	EndGlobalSection
	GlobalSection(SolutionProperties) = preSolution
		HideSolutionNode = FALSE
	EndGlobalSection
	GlobalSection(ExtensibilityGlobals) = postSolution
		SolutionGuid = {8CCB30E3-9C41-42E0-AAEA-CA94DD6F41C6}
	EndGlobalSection
EndGlobal
